
Microsoft Visual Studio Solution File, Format Version 12.00
# Visual Studio Version 17
VisualStudioVersion = 17.8.34316.72
MinimumVisualStudioVersion = 10.0.40219.1
Project("{9A19103F-16F7-4668-BE54-9A1E7A4F7556}") = "TangyWeb_Server", "TangyWeb_Server\TangyWeb_Server.csproj", "{D7C426F9-D4F1-4B76-88B3-5995F89408B2}"
EndProject
Project("{9A19103F-16F7-4668-BE54-9A1E7A4F7556}") = "TangyWeb_Client", "TangyWeb_Client\TangyWeb_Client.csproj", "{B026F985-0E02-4EFE-80A6-0FCADCC55596}"
EndProject
Project("{9A19103F-16F7-4668-BE54-9A1E7A4F7556}") = "Tangy_Models", "Tangy_Models\Tangy_Models.csproj", "{B57A2EE7-2890-4A62-9B11-C5814D697984}"
EndProject
Project("{9A19103F-16F7-4668-BE54-9A1E7A4F7556}") = "Tangy_Business", "Tangy_Business\Tangy_Business.csproj", "{29818AFF-3F3A-441C-AA97-E194E2F3064D}"
EndProject
Project("{9A19103F-16F7-4668-BE54-9A1E7A4F7556}") = "Tangy_Common", "Tangy_Common\Tangy_Common.csproj", "{C478A15A-B5C5-499C-A8FA-130EFD26FD0E}"
EndProject
Project("{9A19103F-16F7-4668-BE54-9A1E7A4F7556}") = "Tangy_DataAccess", "Tangy_DataAccess\Tangy_DataAccess.csproj", "{82960AFE-84A7-458E-B1AC-3BC3C28E125C}"
EndProject
Project("{FAE04EC0-301F-11D3-BF4B-00C04F79EFBC}") = "TangyWeb_API", "TangyWeb_API\TangyWeb_API.csproj", "{7CF8C3C6-49B5-4B29-80A8-5A48FC6B4F18}"
EndProject
Global
	GlobalSection(SolutionConfigurationPlatforms) = preSolution
		Debug|Any CPU = Debug|Any CPU
		Release|Any CPU = Release|Any CPU
	EndGlobalSection
	GlobalSection(ProjectConfigurationPlatforms) = postSolution
		{D7C426F9-D4F1-4B76-88B3-5995F89408B2}.Debug|Any CPU.ActiveCfg = Debug|Any CPU
		{D7C426F9-D4F1-4B76-88B3-5995F89408B2}.Debug|Any CPU.Build.0 = Debug|Any CPU
		{D7C426F9-D4F1-4B76-88B3-5995F89408B2}.Release|Any CPU.ActiveCfg = Release|Any CPU
		{D7C426F9-D4F1-4B76-88B3-5995F89408B2}.Release|Any CPU.Build.0 = Release|Any CPU
		{B026F985-0E02-4EFE-80A6-0FCADCC55596}.Debug|Any CPU.ActiveCfg = Debug|Any CPU
		{B026F985-0E02-4EFE-80A6-0FCADCC55596}.Debug|Any CPU.Build.0 = Debug|Any CPU
		{B026F985-0E02-4EFE-80A6-0FCADCC55596}.Release|Any CPU.ActiveCfg = Release|Any CPU
		{B026F985-0E02-4EFE-80A6-0FCADCC55596}.Release|Any CPU.Build.0 = Release|Any CPU
		{B57A2EE7-2890-4A62-9B11-C5814D697984}.Debug|Any CPU.ActiveCfg = Debug|Any CPU
		{B57A2EE7-2890-4A62-9B11-C5814D697984}.Debug|Any CPU.Build.0 = Debug|Any CPU
		{B57A2EE7-2890-4A62-9B11-C5814D697984}.Release|Any CPU.ActiveCfg = Release|Any CPU
		{B57A2EE7-2890-4A62-9B11-C5814D697984}.Release|Any CPU.Build.0 = Release|Any CPU
		{29818AFF-3F3A-441C-AA97-E194E2F3064D}.Debug|Any CPU.ActiveCfg = Debug|Any CPU
		{29818AFF-3F3A-441C-AA97-E194E2F3064D}.Debug|Any CPU.Build.0 = Debug|Any CPU
		{29818AFF-3F3A-441C-AA97-E194E2F3064D}.Release|Any CPU.ActiveCfg = Release|Any CPU
		{29818AFF-3F3A-441C-AA97-E194E2F3064D}.Release|Any CPU.Build.0 = Release|Any CPU
		{C478A15A-B5C5-499C-A8FA-130EFD26FD0E}.Debug|Any CPU.ActiveCfg = Debug|Any CPU
		{C478A15A-B5C5-499C-A8FA-130EFD26FD0E}.Debug|Any CPU.Build.0 = Debug|Any CPU
		{C478A15A-B5C5-499C-A8FA-130EFD26FD0E}.Release|Any CPU.ActiveCfg = Release|Any CPU
		{C478A15A-B5C5-499C-A8FA-130EFD26FD0E}.Release|Any CPU.Build.0 = Release|Any CPU
		{82960AFE-84A7-458E-B1AC-3BC3C28E125C}.Debug|Any CPU.ActiveCfg = Debug|Any CPU
		{82960AFE-84A7-458E-B1AC-3BC3C28E125C}.Debug|Any CPU.Build.0 = Debug|Any CPU
		{82960AFE-84A7-458E-B1AC-3BC3C28E125C}.Release|Any CPU.ActiveCfg = Release|Any CPU
		{82960AFE-84A7-458E-B1AC-3BC3C28E125C}.Release|Any CPU.Build.0 = Release|Any CPU
		{7CF8C3C6-49B5-4B29-80A8-5A48FC6B4F18}.Debug|Any CPU.ActiveCfg = Debug|Any CPU
		{7CF8C3C6-49B5-4B29-80A8-5A48FC6B4F18}.Debug|Any CPU.Build.0 = Debug|Any CPU
		{7CF8C3C6-49B5-4B29-80A8-5A48FC6B4F18}.Release|Any CPU.ActiveCfg = Release|Any CPU
		{7CF8C3C6-49B5-4B29-80A8-5A48FC6B4F18}.Release|Any CPU.Build.0 = Release|Any CPU
	EndGlobalSection
	GlobalSection(SolutionProperties) = preSolution
		HideSolutionNode = FALSE
	EndGlobalSection
	GlobalSection(ExtensibilityGlobals) = postSolution
		SolutionGuid = {FC75458F-7CC1-4C95-B54E-59FC92E0F652}
	EndGlobalSection
EndGlobal
